{
  "name": "functional-playground",
  "version": "1.0.0",
  "lockfileVersion": 1,
  "requires": true,
  "dependencies": {
    "lodash": {
      "version": "4.17.21",
      "resolved": "https://registry.npmjs.org/lodash/-/lodash-4.17.21.tgz",
      "integrity": "sha512-v2kDEe57lecTulaDIuNTPy3Ry4gLGJ6Z1O3vE1krgXZNrsQ+LFTGHVxVjcXPs17LhbZVGedAJv8XZ1tvj5FvSg=="
    },
    "rambda": {
      "version": "6.5.3",
      "resolved": "https://registry.npmjs.org/rambda/-/rambda-6.5.3.tgz",
      "integrity": "sha512-2CAMX4isM2QVOybyiKCCXlopEYIwWMc5nx6SD2PTFEgN4DLMJXjrwjlVsNOisMGeL2+akojuZEF7LuSHb2NMsQ=="
    }
  }
}
